
Microsoft Visual Studio Solution File, Format Version 12.00
# Visual Studio 15
VisualStudioVersion = 15.0.26124.0
MinimumVisualStudioVersion = 15.0.26124.0
Project("{FAE04EC0-301F-11D3-BF4B-00C04F79EFBC}") = "Ecommerce.Storage.API", "Ecommerce.Storage.API\Ecommerce.Storage.API.csproj", "{FBEB1FA0-FCF3-49EE-B4ED-2CB29E2355D0}"
EndProject
Project("{FAE04EC0-301F-11D3-BF4B-00C04F79EFBC}") = "Ecommerce.Storage.Common", "Ecommerce.Storage.Common\Ecommerce.Storage.Common.csproj", "{B85EDFC9-FF2C-4CAA-8D8C-B466C57F83BE}"
EndProject
Project("{FAE04EC0-301F-11D3-BF4B-00C04F79EFBC}") = "Ecommerce.Storage.Services", "Ecommerce.Storage.Services\Ecommerce.Storage.Services.csproj", "{7157F8D4-EB74-4876-9B10-8B36F9F88D66}"
EndProject
Global
	GlobalSection(SolutionConfigurationPlatforms) = preSolution
		Debug|Any CPU = Debug|Any CPU
		Debug|x64 = Debug|x64
		Debug|x86 = Debug|x86
		Release|Any CPU = Release|Any CPU
		Release|x64 = Release|x64
		Release|x86 = Release|x86
	EndGlobalSection
	GlobalSection(SolutionProperties) = preSolution
		HideSolutionNode = FALSE
	EndGlobalSection
	GlobalSection(ProjectConfigurationPlatforms) = postSolution
		{FBEB1FA0-FCF3-49EE-B4ED-2CB29E2355D0}.Debug|Any CPU.ActiveCfg = Debug|Any CPU
		{FBEB1FA0-FCF3-49EE-B4ED-2CB29E2355D0}.Debug|Any CPU.Build.0 = Debug|Any CPU
		{FBEB1FA0-FCF3-49EE-B4ED-2CB29E2355D0}.Debug|x64.ActiveCfg = Debug|Any CPU
		{FBEB1FA0-FCF3-49EE-B4ED-2CB29E2355D0}.Debug|x64.Build.0 = Debug|Any CPU
		{FBEB1FA0-FCF3-49EE-B4ED-2CB29E2355D0}.Debug|x86.ActiveCfg = Debug|Any CPU
		{FBEB1FA0-FCF3-49EE-B4ED-2CB29E2355D0}.Debug|x86.Build.0 = Debug|Any CPU
		{FBEB1FA0-FCF3-49EE-B4ED-2CB29E2355D0}.Release|Any CPU.ActiveCfg = Release|Any CPU
		{FBEB1FA0-FCF3-49EE-B4ED-2CB29E2355D0}.Release|Any CPU.Build.0 = Release|Any CPU
		{FBEB1FA0-FCF3-49EE-B4ED-2CB29E2355D0}.Release|x64.ActiveCfg = Release|Any CPU
		{FBEB1FA0-FCF3-49EE-B4ED-2CB29E2355D0}.Release|x64.Build.0 = Release|Any CPU
		{FBEB1FA0-FCF3-49EE-B4ED-2CB29E2355D0}.Release|x86.ActiveCfg = Release|Any CPU
		{FBEB1FA0-FCF3-49EE-B4ED-2CB29E2355D0}.Release|x86.Build.0 = Release|Any CPU
		{B85EDFC9-FF2C-4CAA-8D8C-B466C57F83BE}.Debug|Any CPU.ActiveCfg = Debug|Any CPU
		{B85EDFC9-FF2C-4CAA-8D8C-B466C57F83BE}.Debug|Any CPU.Build.0 = Debug|Any CPU
		{B85EDFC9-FF2C-4CAA-8D8C-B466C57F83BE}.Debug|x64.ActiveCfg = Debug|Any CPU
		{B85EDFC9-FF2C-4CAA-8D8C-B466C57F83BE}.Debug|x64.Build.0 = Debug|Any CPU
		{B85EDFC9-FF2C-4CAA-8D8C-B466C57F83BE}.Debug|x86.ActiveCfg = Debug|Any CPU
		{B85EDFC9-FF2C-4CAA-8D8C-B466C57F83BE}.Debug|x86.Build.0 = Debug|Any CPU
		{B85EDFC9-FF2C-4CAA-8D8C-B466C57F83BE}.Release|Any CPU.ActiveCfg = Release|Any CPU
		{B85EDFC9-FF2C-4CAA-8D8C-B466C57F83BE}.Release|Any CPU.Build.0 = Release|Any CPU
		{B85EDFC9-FF2C-4CAA-8D8C-B466C57F83BE}.Release|x64.ActiveCfg = Release|Any CPU
		{B85EDFC9-FF2C-4CAA-8D8C-B466C57F83BE}.Release|x64.Build.0 = Release|Any CPU
		{B85EDFC9-FF2C-4CAA-8D8C-B466C57F83BE}.Release|x86.ActiveCfg = Release|Any CPU
		{B85EDFC9-FF2C-4CAA-8D8C-B466C57F83BE}.Release|x86.Build.0 = Release|Any CPU
		{7157F8D4-EB74-4876-9B10-8B36F9F88D66}.Debug|Any CPU.ActiveCfg = Debug|Any CPU
		{7157F8D4-EB74-4876-9B10-8B36F9F88D66}.Debug|Any CPU.Build.0 = Debug|Any CPU
		{7157F8D4-EB74-4876-9B10-8B36F9F88D66}.Debug|x64.ActiveCfg = Debug|Any CPU
		{7157F8D4-EB74-4876-9B10-8B36F9F88D66}.Debug|x64.Build.0 = Debug|Any CPU
		{7157F8D4-EB74-4876-9B10-8B36F9F88D66}.Debug|x86.ActiveCfg = Debug|Any CPU
		{7157F8D4-EB74-4876-9B10-8B36F9F88D66}.Debug|x86.Build.0 = Debug|Any CPU
		{7157F8D4-EB74-4876-9B10-8B36F9F88D66}.Release|Any CPU.ActiveCfg = Release|Any CPU
		{7157F8D4-EB74-4876-9B10-8B36F9F88D66}.Release|Any CPU.Build.0 = Release|Any CPU
		{7157F8D4-EB74-4876-9B10-8B36F9F88D66}.Release|x64.ActiveCfg = Release|Any CPU
		{7157F8D4-EB74-4876-9B10-8B36F9F88D66}.Release|x64.Build.0 = Release|Any CPU
		{7157F8D4-EB74-4876-9B10-8B36F9F88D66}.Release|x86.ActiveCfg = Release|Any CPU
		{7157F8D4-EB74-4876-9B10-8B36F9F88D66}.Release|x86.Build.0 = Release|Any CPU
	EndGlobalSection
EndGlobal
